
Microsoft Visual Studio Solution File, Format Version 12.00
# Visual Studio Version 17
VisualStudioVersion = 17.5.002.0
MinimumVisualStudioVersion = 10.0.40219.1
Project("{9A19103F-16F7-4668-BE54-9A1E7A4F7556}") = "compras-do-mes", "ComprasDoMes\compras-do-mes.csproj", "{7DE2C31F-B290-4BAA-BE7B-6803A7F4AD7E}"
EndProject
Project("{FAE04EC0-301F-11D3-BF4B-00C04F79EFBC}") = "ComprasDoMes.Tests", "ComprasDoMes.Tests\ComprasDoMes.Tests.csproj", "{65874916-DFD9-4098-BE8D-0EF23DBC338D}"
EndProject
Global
	GlobalSection(SolutionConfigurationPlatforms) = preSolution
		Debug|Any CPU = Debug|Any CPU
		Release|Any CPU = Release|Any CPU
	EndGlobalSection
	GlobalSection(ProjectConfigurationPlatforms) = postSolution
		{7DE2C31F-B290-4BAA-BE7B-6803A7F4AD7E}.Debug|Any CPU.ActiveCfg = Debug|Any CPU
		{7DE2C31F-B290-4BAA-BE7B-6803A7F4AD7E}.Debug|Any CPU.Build.0 = Debug|Any CPU
		{7DE2C31F-B290-4BAA-BE7B-6803A7F4AD7E}.Release|Any CPU.ActiveCfg = Release|Any CPU
		{7DE2C31F-B290-4BAA-BE7B-6803A7F4AD7E}.Release|Any CPU.Build.0 = Release|Any CPU
		{65874916-DFD9-4098-BE8D-0EF23DBC338D}.Debug|Any CPU.ActiveCfg = Debug|Any CPU
		{65874916-DFD9-4098-BE8D-0EF23DBC338D}.Debug|Any CPU.Build.0 = Debug|Any CPU
		{65874916-DFD9-4098-BE8D-0EF23DBC338D}.Release|Any CPU.ActiveCfg = Release|Any CPU
		{65874916-DFD9-4098-BE8D-0EF23DBC338D}.Release|Any CPU.Build.0 = Release|Any CPU
	EndGlobalSection
	GlobalSection(SolutionProperties) = preSolution
		HideSolutionNode = FALSE
	EndGlobalSection
	GlobalSection(ExtensibilityGlobals) = postSolution
		SolutionGuid = {9E9048C8-98AC-491D-B808-CF70A000F9C5}
	EndGlobalSection
EndGlobal
